{
  "projects": [
    {
      "projectId": "s48h5mVi5f22yNVro3eX55",
      "version": "latest",
      "dependencies": {},
      "lang": "ts",
      "fileLocks": [
        {
          "type": "globalVariant",
          "assetId": "10L8BAYPL3Lf",
          "checksum": "99c8593c85f781ffeede4a675ae8308b"
        },
        {
          "assetId": "s48h5mVi5f22yNVro3eX55",
          "checksum": "66ba3e56fd2e855547d1f526be3a5e50",
          "type": "projectModule"
        },
        {
          "assetId": "s48h5mVi5f22yNVro3eX55",
          "checksum": "8e3997911b71c8cfe5dd02de4868f330",
          "type": "styleTokensProvider"
        },
        {
          "type": "renderModule",
          "assetId": "bEOnqjHB3BtV",
          "checksum": "3db3f6fa48baff8a14e7227be3aec03a"
        },
        {
          "type": "cssRules",
          "assetId": "bEOnqjHB3BtV",
          "checksum": "3db3f6fa48baff8a14e7227be3aec03a"
        },
        {
          "type": "renderModule",
          "assetId": "NwLXbhtRNtbC",
          "checksum": "b6cff56ea5dc87a2b4b88a625e430a23"
        },
        {
          "type": "cssRules",
          "assetId": "NwLXbhtRNtbC",
          "checksum": "b6cff56ea5dc87a2b4b88a625e430a23"
        },
        {
          "type": "icon",
          "assetId": "nNKmsIT7LHT2",
          "checksum": "de16c5b60e5ec2d9ad780bc4539ce09b"
        },
        {
          "type": "icon",
          "assetId": "RSEuNEgauKn2",
          "checksum": "086906a72b5ceb44a4a86bece5bbf9af"
        },
        {
          "type": "icon",
          "assetId": "XMfS2y2h2i69",
          "checksum": "6e00677d7733af3d22ed090c9e2f86bc"
        },
        {
          "assetId": "s48h5mVi5f22yNVro3eX55",
          "type": "projectCss",
          "checksum": "5822030ad7ea8ca16d3255f75e35ca8b"
        },
        {
          "type": "renderModule",
          "assetId": "d3n28mgMlKCD",
          "checksum": "5e9e92b42c785cc7ae1627859456e8e5"
        },
        {
          "type": "cssRules",
          "assetId": "d3n28mgMlKCD",
          "checksum": "5e9e92b42c785cc7ae1627859456e8e5"
        },
        {
          "type": "renderModule",
          "assetId": "OpB0Hx1q8CKr",
          "checksum": "e2b93547bca8cc8e15536c8f68679081"
        },
        {
          "type": "cssRules",
          "assetId": "OpB0Hx1q8CKr",
          "checksum": "e2b93547bca8cc8e15536c8f68679081"
        },
        {
          "type": "icon",
          "assetId": "MHoygwaq8I7H",
          "checksum": "6dd1cb3d61a8571302e824607200fc98"
        },
        {
          "type": "icon",
          "assetId": "rPN5ebI8LRBJ",
          "checksum": "adfd825ceccc105a31c4602c8e035b3d"
        },
        {
          "type": "icon",
          "assetId": "f-MT9TvUNlfV",
          "checksum": "ff9618750c746637c20fdd1a2b2906da"
        },
        {
          "type": "icon",
          "assetId": "g5gp1myXY9Mc",
          "checksum": "5a6dcead9b1b1a1c95efbbeeb721242f"
        },
        {
          "type": "image",
          "assetId": "DL0sUtsy9yuf",
          "checksum": "87b7ddbf3c53ff168da93d42107bdfab"
        },
        {
          "type": "image",
          "assetId": "a4RJrDEcYozh",
          "checksum": "9c29fd3e7c156a496b264d5764b75440"
        },
        {
          "type": "image",
          "assetId": "bu1m-a-mdmo7",
          "checksum": "65ab19f5fe51eb8acd49309c6d779098"
        },
        {
          "type": "image",
          "assetId": "DiwPVyMz63WG",
          "checksum": "8acee91d07adf55de5955ed62db6edec"
        },
        {
          "type": "image",
          "assetId": "odV-1JN4H7Pq",
          "checksum": "8cc642bbf20803b9f0b1593f45983355"
        },
        {
          "type": "image",
          "assetId": "yYazXxB6RmrC",
          "checksum": "1fd55fb2d89a77e2b8e33fe3d9d7bf37"
        },
        {
          "type": "image",
          "assetId": "lXlGJDXj25CL",
          "checksum": "4091a01304e8733b3203a079ba247405"
        },
        {
          "type": "image",
          "assetId": "q3KUAqGAJUIY",
          "checksum": "51ae5551f2f56e809bc3e84bdfda1302"
        }
      ],
      "codegenVersion": "0.0.2"
    }
  ],
  "cliVersion": "0.1.355"
}
